
Microsoft Visual Studio Solution File, Format Version 12.00
# Visual Studio Version 17
VisualStudioVersion = 17.0.32014.148
MinimumVisualStudioVersion = 10.0.40219.1
Project("{9A19103F-16F7-4668-BE54-9A1E7A4F7556}") = "DynmapImageExport", "DynmapImageExport\DynmapImageExport.csproj", "{9208BC5A-B06B-4736-A873-48814726BF0F}"
EndProject
Project("{9A19103F-16F7-4668-BE54-9A1E7A4F7556}") = "Dynmap", "Dynmap\Dynmap.csproj", "{3D323E1A-CE0C-4789-AEA0-9C2CC02878A2}"
EndProject
Global
	GlobalSection(SolutionConfigurationPlatforms) = preSolution
		Debug|Any CPU = Debug|Any CPU
		Release|Any CPU = Release|Any CPU
	EndGlobalSection
	GlobalSection(ProjectConfigurationPlatforms) = postSolution
		{9208BC5A-B06B-4736-A873-48814726BF0F}.Debug|Any CPU.ActiveCfg = Debug|Any CPU
		{9208BC5A-B06B-4736-A873-48814726BF0F}.Debug|Any CPU.Build.0 = Debug|Any CPU
		{9208BC5A-B06B-4736-A873-48814726BF0F}.Release|Any CPU.ActiveCfg = Release|Any CPU
		{9208BC5A-B06B-4736-A873-48814726BF0F}.Release|Any CPU.Build.0 = Release|Any CPU
		{3D323E1A-CE0C-4789-AEA0-9C2CC02878A2}.Debug|Any CPU.ActiveCfg = Debug|Any CPU
		{3D323E1A-CE0C-4789-AEA0-9C2CC02878A2}.Debug|Any CPU.Build.0 = Debug|Any CPU
		{3D323E1A-CE0C-4789-AEA0-9C2CC02878A2}.Release|Any CPU.ActiveCfg = Release|Any CPU
		{3D323E1A-CE0C-4789-AEA0-9C2CC02878A2}.Release|Any CPU.Build.0 = Release|Any CPU
	EndGlobalSection
	GlobalSection(SolutionProperties) = preSolution
		HideSolutionNode = FALSE
	EndGlobalSection
	GlobalSection(ExtensibilityGlobals) = postSolution
		SolutionGuid = {D589B791-091D-45CF-9852-7F0A12FF0892}
	EndGlobalSection
EndGlobal
