{
  "version": 1,
  "dependencies": {
    "net6.0": {
      "Newtonsoft.Json": {
        "type": "Direct",
        "requested": "[13.0.3, )",
        "resolved": "13.0.3",
        "contentHash": "HrC5BXdl00IP9zeV+0Z848QWPAoCr9P3bDEZguI+gkLcBKAOxix/tLEAAHC+UvDNPv4a2d18lOReHMOagPa+zQ=="
      },
      "SixLabors.ImageSharp": {
        "type": "Direct",
        "requested": "[3.0.2, )",
        "resolved": "3.0.2",
        "contentHash": "PlwUHnLZ67G1i0xXDYQJYbFiJsvXiEFWtKdV0QvY9j+dFasYbl+vWXXY42/asTsNjchsH5BLuoRzlf8Fa8lzpg=="
      },
      "Spectre.Console": {
        "type": "Direct",
        "requested": "[0.47.0, )",
        "resolved": "0.47.0",
        "contentHash": "wz8mszcZr0cSOo8GyoG9e2DFW0SkMT8/n78Q/lIXX7EbCtHNXOoOKWpJ9Str+rCYtmQOGGyDutZzubrUHK/XkA==",
        "dependencies": {
          "System.Memory": "4.5.5"
        }
      },
      "System.CommandLine": {
        "type": "Direct",
        "requested": "[2.0.0-beta4.22272.1, )",
        "resolved": "2.0.0-beta4.22272.1",
        "contentHash": "1uqED/q2H0kKoLJ4+hI2iPSBSEdTuhfCYADeJrAqERmiGQ2NNacYKRNEQ+gFbU4glgVyK8rxI+ZOe1onEtr/Pg=="
      },
      "System.CommandLine.NamingConventionBinder": {
        "type": "Direct",
        "requested": "[2.0.0-beta4.22272.1, )",
        "resolved": "2.0.0-beta4.22272.1",
        "contentHash": "ux2eUA/syF+JtlpMDc/Lsd6PBIBuwjH3AvHnestoh5uD0WKT5b+wkQxDWVCqp9qgVjMBTLNhX19ZYFtenunt9A==",
        "dependencies": {
          "System.CommandLine": "2.0.0-beta4.22272.1"
        }
      },
      "System.Memory": {
        "type": "Transitive",
        "resolved": "4.5.5",
        "contentHash": "XIWiDvKPXaTveaB7HVganDlOCRoj03l+jrwNvcge/t8vhGYKvqV+dMv6G4SAX2NoNmN0wZfVPTAlFwZcZvVOUw=="
      },
      "dynmap": {
        "type": "Project",
        "dependencies": {
          "Newtonsoft.Json": "[13.0.3, )"
        }
      }
    }
  }
}