{
  "version": 1,
  "dependencies": {
    "net6.0": {
      "Microsoft.NET.ILLink.Analyzers": {
        "type": "Direct",
        "requested": "[7.0.100-1.23401.1, )",
        "resolved": "7.0.100-1.23401.1",
        "contentHash": "XirkjOLc5Vc3HsXRc2Z6ZbQv6l0RvWgJa/31w7XqZ914MoSi3H3OCNRMWFw7H2EYfsnKbokFfhCcysAmUcEOgw=="
      },
      "Microsoft.NET.ILLink.Tasks": {
        "type": "Direct",
        "requested": "[7.0.100-1.23401.1, )",
        "resolved": "7.0.100-1.23401.1",
        "contentHash": "mI6vCdPEhluLtMn/GV0texEWg5oAPQWCCE4LWspM+Bmy75Nd4EQsziQXrdOFqNeSBQMrxDX9C/O5Xi3kpKSMIw=="
      },
      "Newtonsoft.Json": {
        "type": "Direct",
        "requested": "[13.0.3, )",
        "resolved": "13.0.3",
        "contentHash": "HrC5BXdl00IP9zeV+0Z848QWPAoCr9P3bDEZguI+gkLcBKAOxix/tLEAAHC+UvDNPv4a2d18lOReHMOagPa+zQ=="
      },
      "SixLabors.ImageSharp": {
        "type": "Direct",
        "requested": "[3.1.5, )",
        "resolved": "3.1.5",
        "contentHash": "lNtlq7dSI/QEbYey+A0xn48z5w4XHSffF8222cC4F4YwTXfEImuiBavQcWjr49LThT/pRmtWJRcqA/PlL+eJ6g=="
      },
      "Spectre.Console": {
        "type": "Direct",
        "requested": "[0.49.1, )",
        "resolved": "0.49.1",
        "contentHash": "USV+pdu49OJ3nCjxNuw1K9Zw/c1HCBbwbjXZp0EOn6wM99tFdAtN34KEBZUMyRuJuXlUMDqhd8Yq9obW2MslYA=="
      },
      "System.CommandLine": {
        "type": "Direct",
        "requested": "[2.0.0-beta4.22272.1, )",
        "resolved": "2.0.0-beta4.22272.1",
        "contentHash": "1uqED/q2H0kKoLJ4+hI2iPSBSEdTuhfCYADeJrAqERmiGQ2NNacYKRNEQ+gFbU4glgVyK8rxI+ZOe1onEtr/Pg=="
      },
      "System.CommandLine.NamingConventionBinder": {
        "type": "Direct",
        "requested": "[2.0.0-beta4.22272.1, )",
        "resolved": "2.0.0-beta4.22272.1",
        "contentHash": "ux2eUA/syF+JtlpMDc/Lsd6PBIBuwjH3AvHnestoh5uD0WKT5b+wkQxDWVCqp9qgVjMBTLNhX19ZYFtenunt9A==",
        "dependencies": {
          "System.CommandLine": "2.0.0-beta4.22272.1"
        }
      },
      "dynmap": {
        "type": "Project",
        "dependencies": {
          "Newtonsoft.Json": "[13.0.3, )"
        }
      }
    }
  }
}